<Solution>
  <Folder Name="/src/" />
  <Folder Name="/src/Consolidated/">
    <Project Path="src/Consolidated/FluxoCaixa.Consolidated.Worker/FluxoCaixa.Consolidated.Worker.csproj" />
  </Folder>
  <Folder Name="/src/Shared/">
    <Project Path="src/Shared/FluxoCaixa.Shared/FluxoCaixa.Shared.csproj" />
  </Folder>
  <Folder Name="/src/Transactions/">
    <Project Path="src/Transactions/FluxoCaixa.Transactions.Api/FluxoCaixa.Transactions.Api.csproj" />
    <Project Path="src/Transactions/FluxoCaixa.Transactions.Application/FluxoCaixa.Transactions.Application.csproj" />
    <Project Path="src/Transactions/FluxoCaixa.Transactions.Domain/FluxoCaixa.Transactions.Domain.csproj" />
    <Project Path="src/Transactions/FluxoCaixa.Transactions.Infrastructure/FluxoCaixa.Transactions.Infrastructure.csproj" />
  </Folder>
  <Folder Name="/tests/">
    <Project Path="tests/FluxoCaixa.Consolidated.UnitTests/FluxoCaixa.Consolidated.UnitTests.csproj" />
    <Project Path="tests/FluxoCaixa.IntegrationTests/FluxoCaixa.IntegrationTests.csproj" />
    <Project Path="tests/FluxoCaixa.Transactions.UnitTests/FluxoCaixa.Transactions.UnitTests.csproj" />
  </Folder>
</Solution>
